{
  "requires": true,
  "lockfileVersion": 1,
  "dependencies": {
    "@antv/adjust": {
      "version": "0.1.1",
      "resolved": "https://registry.npm.taobao.org/@antv/adjust/download/@antv/adjust-0.1.1.tgz",
      "integrity": "sha1-4mOrDhoZQaZIhC/Ahs9lp+O3Xpg=",
      "requires": {
        "@antv/util": "~1.3.1"
      },
      "dependencies": {
        "@antv/util": {
          "version": "1.3.1",
          "resolved": "https://registry.npm.taobao.org/@antv/util/download/@antv/util-1.3.1.tgz",
          "integrity": "sha1-MKNLIB/5Em7A1YxyyBZqnD5kTM0=",
          "requires": {
            "@antv/gl-matrix": "^2.7.1"
          }
        }
      }
    },
    "@antv/f2": {
      "version": "3.8.6",
      "resolved": "https://registry.npm.taobao.org/@antv/f2/download/@antv/f2-3.8.6.tgz?cache=0&sync_timestamp=1617275063749&other_urls=https%3A%2F%2Fregistry.npm.taobao.org%2F%40antv%2Ff2%2Fdownload%2F%40antv%2Ff2-3.8.6.tgz",
      "integrity": "sha1-fxLBDiZgPlbKryn/q9IswyIzVmQ=",
      "requires": {
        "@antv/adjust": "~0.1.1",
        "@antv/scale": "~0.3.3",
        "@antv/util": "~2.0.6",
        "@babel/runtime": "^7.7.7",
        "@types/hammerjs": "^2.0.36",
        "hammerjs": "^2.0.8",
        "type-fest": "^0.15.1"
      }
    },
    "@antv/f2-context": {
      "version": "0.0.1",
      "resolved": "https://registry.npm.taobao.org/@antv/f2-context/download/@antv/f2-context-0.0.1.tgz",
      "integrity": "sha1-5CKH+83CzjmF1tMLn1LKjbrOojQ="
    },
    "@antv/gl-matrix": {
      "version": "2.7.1",
      "resolved": "https://registry.npm.taobao.org/@antv/gl-matrix/download/@antv/gl-matrix-2.7.1.tgz?cache=0&other_urls=https%3A%2F%2Fregistry.npm.taobao.org%2F%40antv%2Fgl-matrix%2Fdownload%2F%40antv%2Fgl-matrix-2.7.1.tgz",
      "integrity": "sha1-rLjjf3qz3wE0WrpDcteUK+QuuhQ="
    },
    "@antv/my-f2": {
      "version": "2.1.5",
      "resolved": "https://registry.npm.taobao.org/@antv/my-f2/download/@antv/my-f2-2.1.5.tgz",
      "integrity": "sha1-BUXYtGI7X+DH0hI08tCSTZh0yLE=",
      "requires": {
        "@antv/f2": "~3.8.0",
        "@antv/f2-context": "~0.0.0"
      }
    },
    "@antv/scale": {
      "version": "0.3.9",
      "resolved": "https://registry.npm.taobao.org/@antv/scale/download/@antv/scale-0.3.9.tgz?cache=0&sync_timestamp=1613798019472&other_urls=https%3A%2F%2Fregistry.npm.taobao.org%2F%40antv%2Fscale%2Fdownload%2F%40antv%2Fscale-0.3.9.tgz",
      "integrity": "sha1-xXzH/V6eArlghVgwGreTSxj4E30=",
      "requires": {
        "@antv/util": "~2.0.3",
        "fecha": "~4.2.0",
        "tslib": "^2.0.0"
      }
    },
    "@antv/util": {
      "version": "2.0.13",
      "resolved": "https://registry.npm.taobao.org/@antv/util/download/@antv/util-2.0.13.tgz",
      "integrity": "sha1-fC5wHYlScRbsF89aQAQTxcavy00=",
      "requires": {
        "tslib": "^2.0.3"
      }
    },
    "@babel/runtime": {
      "version": "7.13.10",
      "resolved": "https://registry.npm.taobao.org/@babel/runtime/download/@babel/runtime-7.13.10.tgz?cache=0&sync_timestamp=1616061448395&other_urls=https%3A%2F%2Fregistry.npm.taobao.org%2F%40babel%2Fruntime%2Fdownload%2F%40babel%2Fruntime-7.13.10.tgz",
      "integrity": "sha1-R9QqV7YJX0Ro2kQDiP262L6/DX0=",
      "requires": {
        "regenerator-runtime": "^0.13.4"
      }
    },
    "@types/hammerjs": {
      "version": "2.0.39",
      "resolved": "https://registry.npm.taobao.org/@types/hammerjs/download/@types/hammerjs-2.0.39.tgz",
      "integrity": "sha1-S+ZLus84E8ecDauJXGsP3H1eUT8="
    },
    "fecha": {
      "version": "4.2.1",
      "resolved": "https://registry.npm.taobao.org/fecha/download/fecha-4.2.1.tgz?cache=0&sync_timestamp=1617639874002&other_urls=https%3A%2F%2Fregistry.npm.taobao.org%2Ffecha%2Fdownload%2Ffecha-4.2.1.tgz",
      "integrity": "sha1-CoOtj4bvYqCR4iu1oDnNA9I+7M4="
    },
    "hammerjs": {
      "version": "2.0.8",
      "resolved": "https://registry.npm.taobao.org/hammerjs/download/hammerjs-2.0.8.tgz",
      "integrity": "sha1-BO93hiz/K7edMPdpIJWTAiK/YPE="
    },
    "regenerator-runtime": {
      "version": "0.13.7",
      "resolved": "https://registry.npm.taobao.org/regenerator-runtime/download/regenerator-runtime-0.13.7.tgz",
      "integrity": "sha1-ysLazIoepnX+qrrriugziYrkb1U="
    },
    "tslib": {
      "version": "2.2.0",
      "resolved": "https://registry.npm.taobao.org/tslib/download/tslib-2.2.0.tgz",
      "integrity": "sha1-+yxHWXfjXiQTEe3iaTzuHsZpj1w="
    },
    "type-fest": {
      "version": "0.15.1",
      "resolved": "https://registry.npm.taobao.org/type-fest/download/type-fest-0.15.1.tgz",
      "integrity": "sha1-0sTnPT5KU88akGOW3UYKHFF4ygA="
    }
  }
}
